
Microsoft Visual Studio Solution File, Format Version 12.00
# Visual Studio Version 17
VisualStudioVersion = 17.7.34018.315
MinimumVisualStudioVersion = 10.0.40219.1
Project("{9A19103F-16F7-4668-BE54-9A1E7A4F7556}") = "Atlas.Core", "src\Atlas.Core\Atlas.Core.csproj", "{FEE35182-9EFC-4C03-BE6E-4E559CD0B06D}"
EndProject
Project("{9A19103F-16F7-4668-BE54-9A1E7A4F7556}") = "Atlas.Requests", "src\Atlas.Requests\Atlas.Requests.csproj", "{239BCA19-D4D8-4934-83AB-8FBFA4766F78}"
EndProject
Project("{9A19103F-16F7-4668-BE54-9A1E7A4F7556}") = "Atlas.Data.Access", "src\Atlas.Data.Access\Atlas.Data.Access.csproj", "{5D03E064-5903-490C-A3AE-A0F3BD7685B6}"
EndProject
Project("{9A19103F-16F7-4668-BE54-9A1E7A4F7556}") = "Atlas.API", "src\Atlas.API\Atlas.API.csproj", "{61BDCE0B-ABFE-49DF-AA64-4F7CEE0FB0BE}"
EndProject
Project("{2150E333-8FDC-42A3-9474-1A3956D46DE8}") = "src", "src", "{4D561DB1-6F2C-4895-88D3-91379F9CFEE6}"
EndProject
Project("{2150E333-8FDC-42A3-9474-1A3956D46DE8}") = "data", "data", "{3EAA21BB-8BC5-4B8A-AFDE-519610BD9CD9}"
EndProject
Project("{9A19103F-16F7-4668-BE54-9A1E7A4F7556}") = "Atlas.Migrations.SQLServer", "data\Atlas.Migrations.SQLServer\Atlas.Migrations.SQLServer.csproj", "{61E5DB54-AA6D-410A-9369-977B7127B618}"
EndProject
Project("{9A19103F-16F7-4668-BE54-9A1E7A4F7556}") = "Atlas.Seed.Data", "data\Atlas.Seed.Data\Atlas.Seed.Data.csproj", "{63B373C4-A14E-4698-A159-2D32EF6E7E0F}"
EndProject
Project("{9A19103F-16F7-4668-BE54-9A1E7A4F7556}") = "Atlas.Migrations.SQLite", "data\Atlas.Migrations.SQLite\Atlas.Migrations.SQLite.csproj", "{9829A0EE-1814-49A6-B015-3EF0BEFAA457}"
EndProject
Project("{9A19103F-16F7-4668-BE54-9A1E7A4F7556}") = "Atlas.Blazor.Web.App", "src\Atlas.Blazor.Web.App\Atlas.Blazor.Web.App.csproj", "{603C00D0-2857-4920-947D-8EBFEC3139EF}"
EndProject
Project("{9A19103F-16F7-4668-BE54-9A1E7A4F7556}") = "Atlas.Blazor.Web.App.Client", "src\Atlas.Blazor.Web.App.Client\Atlas.Blazor.Web.App.Client.csproj", "{B24B2EDB-C484-4942-973E-E6510DCA6F9D}"
EndProject
Project("{9A19103F-16F7-4668-BE54-9A1E7A4F7556}") = "Atlas.Blazor.Web", "src\Atlas.Blazor.Web\Atlas.Blazor.Web.csproj", "{1DA30BB5-2943-42AF-B810-E6E220D658F7}"
EndProject
Project("{9A19103F-16F7-4668-BE54-9A1E7A4F7556}") = "Atlas.Core.Logging", "src\Atlas.Core.Logging\Atlas.Core.Logging.csproj", "{D2F67554-D276-4C6D-B033-DC5480F725BA}"
EndProject
Project("{9A19103F-16F7-4668-BE54-9A1E7A4F7556}") = "Atlas.Data.Context", "src\Atlas.Data.Context\Atlas.Data.Context.csproj", "{DEC3EA50-FD7C-4ACF-B2BE-97AAB0D392D8}"
EndProject
Global
	GlobalSection(SolutionConfigurationPlatforms) = preSolution
		Debug|Any CPU = Debug|Any CPU
		Release|Any CPU = Release|Any CPU
	EndGlobalSection
	GlobalSection(ProjectConfigurationPlatforms) = postSolution
		{FEE35182-9EFC-4C03-BE6E-4E559CD0B06D}.Debug|Any CPU.ActiveCfg = Debug|Any CPU
		{FEE35182-9EFC-4C03-BE6E-4E559CD0B06D}.Debug|Any CPU.Build.0 = Debug|Any CPU
		{FEE35182-9EFC-4C03-BE6E-4E559CD0B06D}.Release|Any CPU.ActiveCfg = Release|Any CPU
		{FEE35182-9EFC-4C03-BE6E-4E559CD0B06D}.Release|Any CPU.Build.0 = Release|Any CPU
		{239BCA19-D4D8-4934-83AB-8FBFA4766F78}.Debug|Any CPU.ActiveCfg = Debug|Any CPU
		{239BCA19-D4D8-4934-83AB-8FBFA4766F78}.Debug|Any CPU.Build.0 = Debug|Any CPU
		{239BCA19-D4D8-4934-83AB-8FBFA4766F78}.Release|Any CPU.ActiveCfg = Release|Any CPU
		{239BCA19-D4D8-4934-83AB-8FBFA4766F78}.Release|Any CPU.Build.0 = Release|Any CPU
		{5D03E064-5903-490C-A3AE-A0F3BD7685B6}.Debug|Any CPU.ActiveCfg = Debug|Any CPU
		{5D03E064-5903-490C-A3AE-A0F3BD7685B6}.Debug|Any CPU.Build.0 = Debug|Any CPU
		{5D03E064-5903-490C-A3AE-A0F3BD7685B6}.Release|Any CPU.ActiveCfg = Release|Any CPU
		{5D03E064-5903-490C-A3AE-A0F3BD7685B6}.Release|Any CPU.Build.0 = Release|Any CPU
		{61BDCE0B-ABFE-49DF-AA64-4F7CEE0FB0BE}.Debug|Any CPU.ActiveCfg = Debug|Any CPU
		{61BDCE0B-ABFE-49DF-AA64-4F7CEE0FB0BE}.Debug|Any CPU.Build.0 = Debug|Any CPU
		{61BDCE0B-ABFE-49DF-AA64-4F7CEE0FB0BE}.Release|Any CPU.ActiveCfg = Release|Any CPU
		{61BDCE0B-ABFE-49DF-AA64-4F7CEE0FB0BE}.Release|Any CPU.Build.0 = Release|Any CPU
		{61E5DB54-AA6D-410A-9369-977B7127B618}.Debug|Any CPU.ActiveCfg = Debug|Any CPU
		{61E5DB54-AA6D-410A-9369-977B7127B618}.Debug|Any CPU.Build.0 = Debug|Any CPU
		{61E5DB54-AA6D-410A-9369-977B7127B618}.Release|Any CPU.ActiveCfg = Release|Any CPU
		{61E5DB54-AA6D-410A-9369-977B7127B618}.Release|Any CPU.Build.0 = Release|Any CPU
		{63B373C4-A14E-4698-A159-2D32EF6E7E0F}.Debug|Any CPU.ActiveCfg = Debug|Any CPU
		{63B373C4-A14E-4698-A159-2D32EF6E7E0F}.Debug|Any CPU.Build.0 = Debug|Any CPU
		{63B373C4-A14E-4698-A159-2D32EF6E7E0F}.Release|Any CPU.ActiveCfg = Release|Any CPU
		{63B373C4-A14E-4698-A159-2D32EF6E7E0F}.Release|Any CPU.Build.0 = Release|Any CPU
		{9829A0EE-1814-49A6-B015-3EF0BEFAA457}.Debug|Any CPU.ActiveCfg = Debug|Any CPU
		{9829A0EE-1814-49A6-B015-3EF0BEFAA457}.Debug|Any CPU.Build.0 = Debug|Any CPU
		{9829A0EE-1814-49A6-B015-3EF0BEFAA457}.Release|Any CPU.ActiveCfg = Release|Any CPU
		{9829A0EE-1814-49A6-B015-3EF0BEFAA457}.Release|Any CPU.Build.0 = Release|Any CPU
		{603C00D0-2857-4920-947D-8EBFEC3139EF}.Debug|Any CPU.ActiveCfg = Debug|Any CPU
		{603C00D0-2857-4920-947D-8EBFEC3139EF}.Debug|Any CPU.Build.0 = Debug|Any CPU
		{603C00D0-2857-4920-947D-8EBFEC3139EF}.Release|Any CPU.ActiveCfg = Release|Any CPU
		{603C00D0-2857-4920-947D-8EBFEC3139EF}.Release|Any CPU.Build.0 = Release|Any CPU
		{B24B2EDB-C484-4942-973E-E6510DCA6F9D}.Debug|Any CPU.ActiveCfg = Debug|Any CPU
		{B24B2EDB-C484-4942-973E-E6510DCA6F9D}.Debug|Any CPU.Build.0 = Debug|Any CPU
		{B24B2EDB-C484-4942-973E-E6510DCA6F9D}.Release|Any CPU.ActiveCfg = Release|Any CPU
		{B24B2EDB-C484-4942-973E-E6510DCA6F9D}.Release|Any CPU.Build.0 = Release|Any CPU
		{1DA30BB5-2943-42AF-B810-E6E220D658F7}.Debug|Any CPU.ActiveCfg = Debug|Any CPU
		{1DA30BB5-2943-42AF-B810-E6E220D658F7}.Debug|Any CPU.Build.0 = Debug|Any CPU
		{1DA30BB5-2943-42AF-B810-E6E220D658F7}.Release|Any CPU.ActiveCfg = Release|Any CPU
		{1DA30BB5-2943-42AF-B810-E6E220D658F7}.Release|Any CPU.Build.0 = Release|Any CPU
		{D2F67554-D276-4C6D-B033-DC5480F725BA}.Debug|Any CPU.ActiveCfg = Debug|Any CPU
		{D2F67554-D276-4C6D-B033-DC5480F725BA}.Debug|Any CPU.Build.0 = Debug|Any CPU
		{D2F67554-D276-4C6D-B033-DC5480F725BA}.Release|Any CPU.ActiveCfg = Release|Any CPU
		{D2F67554-D276-4C6D-B033-DC5480F725BA}.Release|Any CPU.Build.0 = Release|Any CPU
		{DEC3EA50-FD7C-4ACF-B2BE-97AAB0D392D8}.Debug|Any CPU.ActiveCfg = Debug|Any CPU
		{DEC3EA50-FD7C-4ACF-B2BE-97AAB0D392D8}.Debug|Any CPU.Build.0 = Debug|Any CPU
		{DEC3EA50-FD7C-4ACF-B2BE-97AAB0D392D8}.Release|Any CPU.ActiveCfg = Release|Any CPU
		{DEC3EA50-FD7C-4ACF-B2BE-97AAB0D392D8}.Release|Any CPU.Build.0 = Release|Any CPU
	EndGlobalSection
	GlobalSection(SolutionProperties) = preSolution
		HideSolutionNode = FALSE
	EndGlobalSection
	GlobalSection(NestedProjects) = preSolution
		{FEE35182-9EFC-4C03-BE6E-4E559CD0B06D} = {4D561DB1-6F2C-4895-88D3-91379F9CFEE6}
		{239BCA19-D4D8-4934-83AB-8FBFA4766F78} = {4D561DB1-6F2C-4895-88D3-91379F9CFEE6}
		{5D03E064-5903-490C-A3AE-A0F3BD7685B6} = {4D561DB1-6F2C-4895-88D3-91379F9CFEE6}
		{61BDCE0B-ABFE-49DF-AA64-4F7CEE0FB0BE} = {4D561DB1-6F2C-4895-88D3-91379F9CFEE6}
		{61E5DB54-AA6D-410A-9369-977B7127B618} = {3EAA21BB-8BC5-4B8A-AFDE-519610BD9CD9}
		{63B373C4-A14E-4698-A159-2D32EF6E7E0F} = {3EAA21BB-8BC5-4B8A-AFDE-519610BD9CD9}
		{9829A0EE-1814-49A6-B015-3EF0BEFAA457} = {3EAA21BB-8BC5-4B8A-AFDE-519610BD9CD9}
		{603C00D0-2857-4920-947D-8EBFEC3139EF} = {4D561DB1-6F2C-4895-88D3-91379F9CFEE6}
		{B24B2EDB-C484-4942-973E-E6510DCA6F9D} = {4D561DB1-6F2C-4895-88D3-91379F9CFEE6}
		{1DA30BB5-2943-42AF-B810-E6E220D658F7} = {4D561DB1-6F2C-4895-88D3-91379F9CFEE6}
		{D2F67554-D276-4C6D-B033-DC5480F725BA} = {4D561DB1-6F2C-4895-88D3-91379F9CFEE6}
		{DEC3EA50-FD7C-4ACF-B2BE-97AAB0D392D8} = {4D561DB1-6F2C-4895-88D3-91379F9CFEE6}
	EndGlobalSection
	GlobalSection(ExtensibilityGlobals) = postSolution
		SolutionGuid = {35D4493E-72A3-403D-AB40-7AADFBC20D09}
	EndGlobalSection
EndGlobal
