
Microsoft Visual Studio Solution File, Format Version 12.00
# Visual Studio Version 17
VisualStudioVersion = 17.7.34018.315
MinimumVisualStudioVersion = 10.0.40219.1
Project("{9A19103F-16F7-4668-BE54-9A1E7A4F7556}") = "Atlas.Core", "src\Atlas.Core\Atlas.Core.csproj", "{FEE35182-9EFC-4C03-BE6E-4E559CD0B06D}"
EndProject
Project("{9A19103F-16F7-4668-BE54-9A1E7A4F7556}") = "Atlas.Requests", "src\Atlas.Requests\Atlas.Requests.csproj", "{239BCA19-D4D8-4934-83AB-8FBFA4766F78}"
EndProject
Project("{9A19103F-16F7-4668-BE54-9A1E7A4F7556}") = "Atlas.Data.Access", "src\Atlas.Data.Access\Atlas.Data.Access.csproj", "{5D03E064-5903-490C-A3AE-A0F3BD7685B6}"
EndProject
Project("{9A19103F-16F7-4668-BE54-9A1E7A4F7556}") = "Atlas.API", "src\Atlas.API\Atlas.API.csproj", "{61BDCE0B-ABFE-49DF-AA64-4F7CEE0FB0BE}"
EndProject
Project("{2150E333-8FDC-42A3-9474-1A3956D46DE8}") = "src", "src", "{4D561DB1-6F2C-4895-88D3-91379F9CFEE6}"
EndProject
Project("{2150E333-8FDC-42A3-9474-1A3956D46DE8}") = "data", "data", "{3EAA21BB-8BC5-4B8A-AFDE-519610BD9CD9}"
EndProject
Project("{9A19103F-16F7-4668-BE54-9A1E7A4F7556}") = "Atlas.Migrations.SQLServer", "data\Atlas.Migrations.SQLServer\Atlas.Migrations.SQLServer.csproj", "{61E5DB54-AA6D-410A-9369-977B7127B618}"
EndProject
Project("{9A19103F-16F7-4668-BE54-9A1E7A4F7556}") = "Atlas.Seed.Data", "data\Atlas.Seed.Data\Atlas.Seed.Data.csproj", "{63B373C4-A14E-4698-A159-2D32EF6E7E0F}"
EndProject
Project("{9A19103F-16F7-4668-BE54-9A1E7A4F7556}") = "Atlas.Migrations.SQLite", "data\Atlas.Migrations.SQLite\Atlas.Migrations.SQLite.csproj", "{9829A0EE-1814-49A6-B015-3EF0BEFAA457}"
EndProject
Project("{9A19103F-16F7-4668-BE54-9A1E7A4F7556}") = "Atlas.Blazor", "src\Atlas.Blazor\Atlas.Blazor.csproj", "{56463DAD-051D-4FC4-9623-F6697B1D03A2}"
EndProject
Project("{9A19103F-16F7-4668-BE54-9A1E7A4F7556}") = "Atlas.Blazor.Server", "src\Atlas.Blazor.Server\Atlas.Blazor.Server.csproj", "{E58C8C1A-7202-48D5-AA77-8109408DEFA6}"
EndProject
Project("{9A19103F-16F7-4668-BE54-9A1E7A4F7556}") = "Atlas.Blazor.Web.App", "src\Atlas.Blazor.Web.App\Atlas.Blazor.Web.App.csproj", "{20D2C430-8F21-4E0B-99F6-93AA1A6D658B}"
EndProject
Global
	GlobalSection(SolutionConfigurationPlatforms) = preSolution
		Debug|Any CPU = Debug|Any CPU
		Release|Any CPU = Release|Any CPU
	EndGlobalSection
	GlobalSection(ProjectConfigurationPlatforms) = postSolution
		{FEE35182-9EFC-4C03-BE6E-4E559CD0B06D}.Debug|Any CPU.ActiveCfg = Debug|Any CPU
		{FEE35182-9EFC-4C03-BE6E-4E559CD0B06D}.Debug|Any CPU.Build.0 = Debug|Any CPU
		{FEE35182-9EFC-4C03-BE6E-4E559CD0B06D}.Release|Any CPU.ActiveCfg = Release|Any CPU
		{FEE35182-9EFC-4C03-BE6E-4E559CD0B06D}.Release|Any CPU.Build.0 = Release|Any CPU
		{239BCA19-D4D8-4934-83AB-8FBFA4766F78}.Debug|Any CPU.ActiveCfg = Debug|Any CPU
		{239BCA19-D4D8-4934-83AB-8FBFA4766F78}.Debug|Any CPU.Build.0 = Debug|Any CPU
		{239BCA19-D4D8-4934-83AB-8FBFA4766F78}.Release|Any CPU.ActiveCfg = Release|Any CPU
		{239BCA19-D4D8-4934-83AB-8FBFA4766F78}.Release|Any CPU.Build.0 = Release|Any CPU
		{5D03E064-5903-490C-A3AE-A0F3BD7685B6}.Debug|Any CPU.ActiveCfg = Debug|Any CPU
		{5D03E064-5903-490C-A3AE-A0F3BD7685B6}.Debug|Any CPU.Build.0 = Debug|Any CPU
		{5D03E064-5903-490C-A3AE-A0F3BD7685B6}.Release|Any CPU.ActiveCfg = Release|Any CPU
		{5D03E064-5903-490C-A3AE-A0F3BD7685B6}.Release|Any CPU.Build.0 = Release|Any CPU
		{61BDCE0B-ABFE-49DF-AA64-4F7CEE0FB0BE}.Debug|Any CPU.ActiveCfg = Debug|Any CPU
		{61BDCE0B-ABFE-49DF-AA64-4F7CEE0FB0BE}.Debug|Any CPU.Build.0 = Debug|Any CPU
		{61BDCE0B-ABFE-49DF-AA64-4F7CEE0FB0BE}.Release|Any CPU.ActiveCfg = Release|Any CPU
		{61BDCE0B-ABFE-49DF-AA64-4F7CEE0FB0BE}.Release|Any CPU.Build.0 = Release|Any CPU
		{61E5DB54-AA6D-410A-9369-977B7127B618}.Debug|Any CPU.ActiveCfg = Debug|Any CPU
		{61E5DB54-AA6D-410A-9369-977B7127B618}.Debug|Any CPU.Build.0 = Debug|Any CPU
		{61E5DB54-AA6D-410A-9369-977B7127B618}.Release|Any CPU.ActiveCfg = Release|Any CPU
		{61E5DB54-AA6D-410A-9369-977B7127B618}.Release|Any CPU.Build.0 = Release|Any CPU
		{63B373C4-A14E-4698-A159-2D32EF6E7E0F}.Debug|Any CPU.ActiveCfg = Debug|Any CPU
		{63B373C4-A14E-4698-A159-2D32EF6E7E0F}.Debug|Any CPU.Build.0 = Debug|Any CPU
		{63B373C4-A14E-4698-A159-2D32EF6E7E0F}.Release|Any CPU.ActiveCfg = Release|Any CPU
		{63B373C4-A14E-4698-A159-2D32EF6E7E0F}.Release|Any CPU.Build.0 = Release|Any CPU
		{9829A0EE-1814-49A6-B015-3EF0BEFAA457}.Debug|Any CPU.ActiveCfg = Debug|Any CPU
		{9829A0EE-1814-49A6-B015-3EF0BEFAA457}.Debug|Any CPU.Build.0 = Debug|Any CPU
		{9829A0EE-1814-49A6-B015-3EF0BEFAA457}.Release|Any CPU.ActiveCfg = Release|Any CPU
		{9829A0EE-1814-49A6-B015-3EF0BEFAA457}.Release|Any CPU.Build.0 = Release|Any CPU
		{56463DAD-051D-4FC4-9623-F6697B1D03A2}.Debug|Any CPU.ActiveCfg = Debug|Any CPU
		{56463DAD-051D-4FC4-9623-F6697B1D03A2}.Debug|Any CPU.Build.0 = Debug|Any CPU
		{56463DAD-051D-4FC4-9623-F6697B1D03A2}.Release|Any CPU.ActiveCfg = Release|Any CPU
		{56463DAD-051D-4FC4-9623-F6697B1D03A2}.Release|Any CPU.Build.0 = Release|Any CPU
		{E58C8C1A-7202-48D5-AA77-8109408DEFA6}.Debug|Any CPU.ActiveCfg = Debug|Any CPU
		{E58C8C1A-7202-48D5-AA77-8109408DEFA6}.Debug|Any CPU.Build.0 = Debug|Any CPU
		{E58C8C1A-7202-48D5-AA77-8109408DEFA6}.Release|Any CPU.ActiveCfg = Release|Any CPU
		{E58C8C1A-7202-48D5-AA77-8109408DEFA6}.Release|Any CPU.Build.0 = Release|Any CPU
		{20D2C430-8F21-4E0B-99F6-93AA1A6D658B}.Debug|Any CPU.ActiveCfg = Debug|Any CPU
		{20D2C430-8F21-4E0B-99F6-93AA1A6D658B}.Debug|Any CPU.Build.0 = Debug|Any CPU
		{20D2C430-8F21-4E0B-99F6-93AA1A6D658B}.Release|Any CPU.ActiveCfg = Release|Any CPU
		{20D2C430-8F21-4E0B-99F6-93AA1A6D658B}.Release|Any CPU.Build.0 = Release|Any CPU
	EndGlobalSection
	GlobalSection(SolutionProperties) = preSolution
		HideSolutionNode = FALSE
	EndGlobalSection
	GlobalSection(NestedProjects) = preSolution
		{FEE35182-9EFC-4C03-BE6E-4E559CD0B06D} = {4D561DB1-6F2C-4895-88D3-91379F9CFEE6}
		{239BCA19-D4D8-4934-83AB-8FBFA4766F78} = {4D561DB1-6F2C-4895-88D3-91379F9CFEE6}
		{5D03E064-5903-490C-A3AE-A0F3BD7685B6} = {4D561DB1-6F2C-4895-88D3-91379F9CFEE6}
		{61BDCE0B-ABFE-49DF-AA64-4F7CEE0FB0BE} = {4D561DB1-6F2C-4895-88D3-91379F9CFEE6}
		{61E5DB54-AA6D-410A-9369-977B7127B618} = {3EAA21BB-8BC5-4B8A-AFDE-519610BD9CD9}
		{63B373C4-A14E-4698-A159-2D32EF6E7E0F} = {3EAA21BB-8BC5-4B8A-AFDE-519610BD9CD9}
		{9829A0EE-1814-49A6-B015-3EF0BEFAA457} = {3EAA21BB-8BC5-4B8A-AFDE-519610BD9CD9}
		{56463DAD-051D-4FC4-9623-F6697B1D03A2} = {4D561DB1-6F2C-4895-88D3-91379F9CFEE6}
		{E58C8C1A-7202-48D5-AA77-8109408DEFA6} = {4D561DB1-6F2C-4895-88D3-91379F9CFEE6}
		{20D2C430-8F21-4E0B-99F6-93AA1A6D658B} = {4D561DB1-6F2C-4895-88D3-91379F9CFEE6}
	EndGlobalSection
	GlobalSection(ExtensibilityGlobals) = postSolution
		SolutionGuid = {35D4493E-72A3-403D-AB40-7AADFBC20D09}
	EndGlobalSection
EndGlobal
