
Microsoft Visual Studio Solution File, Format Version 12.00
# Visual Studio Version 17
VisualStudioVersion = 17.7.34018.315
MinimumVisualStudioVersion = 10.0.40219.1
Project("{9A19103F-16F7-4668-BE54-9A1E7A4F7556}") = "Atlas.Core", "src\Atlas.Core\Atlas.Core.csproj", "{FEE35182-9EFC-4C03-BE6E-4E559CD0B06D}"
EndProject
Project("{9A19103F-16F7-4668-BE54-9A1E7A4F7556}") = "Atlas.Requests", "src\Atlas.Requests\Atlas.Requests.csproj", "{239BCA19-D4D8-4934-83AB-8FBFA4766F78}"
EndProject
Project("{9A19103F-16F7-4668-BE54-9A1E7A4F7556}") = "Atlas.Data.Access", "src\Atlas.Data.Access\Atlas.Data.Access.csproj", "{5D03E064-5903-490C-A3AE-A0F3BD7685B6}"
EndProject
Project("{9A19103F-16F7-4668-BE54-9A1E7A4F7556}") = "Atlas.API", "src\Atlas.API\Atlas.API.csproj", "{61BDCE0B-ABFE-49DF-AA64-4F7CEE0FB0BE}"
EndProject
Project("{9A19103F-16F7-4668-BE54-9A1E7A4F7556}") = "Atlas.Blazor.Components", "src\Atlas.Blazor.Components\Atlas.Blazor.Components.csproj", "{57096FFF-0D0C-491F-BDFC-7AA73965E3F4}"
EndProject
Project("{9A19103F-16F7-4668-BE54-9A1E7A4F7556}") = "Atlas.Blazor.Server", "src\Atlas.Blazor.Server\Atlas.Blazor.Server.csproj", "{AB41AEDA-581E-4ABF-9245-AC912DD1CDDF}"
EndProject
Global
	GlobalSection(SolutionConfigurationPlatforms) = preSolution
		Debug|Any CPU = Debug|Any CPU
		Release|Any CPU = Release|Any CPU
	EndGlobalSection
	GlobalSection(ProjectConfigurationPlatforms) = postSolution
		{FEE35182-9EFC-4C03-BE6E-4E559CD0B06D}.Debug|Any CPU.ActiveCfg = Debug|Any CPU
		{FEE35182-9EFC-4C03-BE6E-4E559CD0B06D}.Debug|Any CPU.Build.0 = Debug|Any CPU
		{FEE35182-9EFC-4C03-BE6E-4E559CD0B06D}.Release|Any CPU.ActiveCfg = Release|Any CPU
		{FEE35182-9EFC-4C03-BE6E-4E559CD0B06D}.Release|Any CPU.Build.0 = Release|Any CPU
		{239BCA19-D4D8-4934-83AB-8FBFA4766F78}.Debug|Any CPU.ActiveCfg = Debug|Any CPU
		{239BCA19-D4D8-4934-83AB-8FBFA4766F78}.Debug|Any CPU.Build.0 = Debug|Any CPU
		{239BCA19-D4D8-4934-83AB-8FBFA4766F78}.Release|Any CPU.ActiveCfg = Release|Any CPU
		{239BCA19-D4D8-4934-83AB-8FBFA4766F78}.Release|Any CPU.Build.0 = Release|Any CPU
		{5D03E064-5903-490C-A3AE-A0F3BD7685B6}.Debug|Any CPU.ActiveCfg = Debug|Any CPU
		{5D03E064-5903-490C-A3AE-A0F3BD7685B6}.Debug|Any CPU.Build.0 = Debug|Any CPU
		{5D03E064-5903-490C-A3AE-A0F3BD7685B6}.Release|Any CPU.ActiveCfg = Release|Any CPU
		{5D03E064-5903-490C-A3AE-A0F3BD7685B6}.Release|Any CPU.Build.0 = Release|Any CPU
		{61BDCE0B-ABFE-49DF-AA64-4F7CEE0FB0BE}.Debug|Any CPU.ActiveCfg = Debug|Any CPU
		{61BDCE0B-ABFE-49DF-AA64-4F7CEE0FB0BE}.Debug|Any CPU.Build.0 = Debug|Any CPU
		{61BDCE0B-ABFE-49DF-AA64-4F7CEE0FB0BE}.Release|Any CPU.ActiveCfg = Release|Any CPU
		{61BDCE0B-ABFE-49DF-AA64-4F7CEE0FB0BE}.Release|Any CPU.Build.0 = Release|Any CPU
		{57096FFF-0D0C-491F-BDFC-7AA73965E3F4}.Debug|Any CPU.ActiveCfg = Debug|Any CPU
		{57096FFF-0D0C-491F-BDFC-7AA73965E3F4}.Debug|Any CPU.Build.0 = Debug|Any CPU
		{57096FFF-0D0C-491F-BDFC-7AA73965E3F4}.Release|Any CPU.ActiveCfg = Release|Any CPU
		{57096FFF-0D0C-491F-BDFC-7AA73965E3F4}.Release|Any CPU.Build.0 = Release|Any CPU
		{AB41AEDA-581E-4ABF-9245-AC912DD1CDDF}.Debug|Any CPU.ActiveCfg = Debug|Any CPU
		{AB41AEDA-581E-4ABF-9245-AC912DD1CDDF}.Debug|Any CPU.Build.0 = Debug|Any CPU
		{AB41AEDA-581E-4ABF-9245-AC912DD1CDDF}.Release|Any CPU.ActiveCfg = Release|Any CPU
		{AB41AEDA-581E-4ABF-9245-AC912DD1CDDF}.Release|Any CPU.Build.0 = Release|Any CPU
	EndGlobalSection
	GlobalSection(SolutionProperties) = preSolution
		HideSolutionNode = FALSE
	EndGlobalSection
	GlobalSection(ExtensibilityGlobals) = postSolution
		SolutionGuid = {35D4493E-72A3-403D-AB40-7AADFBC20D09}
	EndGlobalSection
EndGlobal
